{
  "name": "pattern-collector-anyjs-story",
  "version": "1.15.1",
  "lockfileVersion": 3,
  "requires": true,
  "packages": {
    "": {
      "name": "pattern-collector-anyjs-story",
      "version": "1.15.1",
      "dependencies": {
        "pattern-collector-anyjs-pull-lines": "^1.14.2",
        "pattern-collector-anyjs-pull-lines-story": "^1.15.1"
      }
    },
    "node_modules/pattern-collector": {
      "version": "1.5.20",
      "resolved": "https://registry.npmjs.org/pattern-collector/-/pattern-collector-1.5.20.tgz",
      "integrity": "sha512-uHg7mow2qAGo78giXCKbfHoJtJ6xQamL6o+Cs4v3zGv7UfYpPC6//X3tmq09QJy6vmf+axpjviVLa8dM5ccGCA=="
    },
    "node_modules/pattern-collector-anyjs-pull-lines": {
      "version": "1.14.2",
      "resolved": "https://registry.npmjs.org/pattern-collector-anyjs-pull-lines/-/pattern-collector-anyjs-pull-lines-1.14.2.tgz",
      "integrity": "sha512-XeR/Ja4JCWuHZh+wzlLtQ7wDHw1MVCRUMyNpOeiZ/QgVrlKti0W2YIhl67s47nW2UOQnhjXIeywyZHcthxY9/w==",
      "dependencies": {
        "pattern-collector": "^1.5.19"
      }
    },
    "node_modules/pattern-collector-anyjs-pull-lines-story": {
      "version": "1.15.1",
      "resolved": "https://registry.npmjs.org/pattern-collector-anyjs-pull-lines-story/-/pattern-collector-anyjs-pull-lines-story-1.15.1.tgz",
      "integrity": "sha512-d0ztumphB42v4h2fnN+LqKb1EsA4ECwBDeToGifwsCHwSTRmjWuW87UE3lWjgsms0lArgFUnq7fRZCetn3Tj7w==",
      "dependencies": {
        "pattern-collector-base-regex-n-parts": "^1.6.4"
      }
    },
    "node_modules/pattern-collector-base-regex-n-parts": {
      "version": "1.6.4",
      "resolved": "https://registry.npmjs.org/pattern-collector-base-regex-n-parts/-/pattern-collector-base-regex-n-parts-1.6.4.tgz",
      "integrity": "sha512-z8vEztE/rhLm0qagYRUs8qn94/q4PIW6dV2Tz3mNIhQgzXvRcSa+dXwurBerKeAlgVnEwIyKfwPcqJ+0TnBR+w=="
    }
  }
}
