{
  "name": "pattern-collector-anyjs-story",
  "version": "1.14.1",
  "lockfileVersion": 3,
  "requires": true,
  "packages": {
    "": {
      "name": "pattern-collector-anyjs-story",
      "version": "1.14.1",
      "dependencies": {
        "pattern-collector-anyjs-pull-lines": "^1.14.2"
      }
    },
    "node_modules/pattern-collector": {
      "version": "1.5.20",
      "resolved": "https://registry.npmjs.org/pattern-collector/-/pattern-collector-1.5.20.tgz",
      "integrity": "sha512-uHg7mow2qAGo78giXCKbfHoJtJ6xQamL6o+Cs4v3zGv7UfYpPC6//X3tmq09QJy6vmf+axpjviVLa8dM5ccGCA=="
    },
    "node_modules/pattern-collector-anyjs-pull-lines": {
      "version": "1.14.2",
      "resolved": "https://registry.npmjs.org/pattern-collector-anyjs-pull-lines/-/pattern-collector-anyjs-pull-lines-1.14.2.tgz",
      "integrity": "sha512-XeR/Ja4JCWuHZh+wzlLtQ7wDHw1MVCRUMyNpOeiZ/QgVrlKti0W2YIhl67s47nW2UOQnhjXIeywyZHcthxY9/w==",
      "dependencies": {
        "pattern-collector": "^1.5.19"
      }
    }
  }
}
