{
  "name": "pattern-collector-anyjs-pull-lines",
  "version": "1.13.5",
  "lockfileVersion": 3,
  "requires": true,
  "packages": {
    "": {
      "name": "pattern-collector-anyjs-pull-lines",
      "version": "1.13.5",
      "dependencies": {
        "pattern-collector": "^1.5.19",
        "pattern-collector-anyjs-pull-lines-all": "^1.4.1"
      }
    },
    "node_modules/pattern-collector": {
      "version": "1.5.19",
      "resolved": "https://registry.npmjs.org/pattern-collector/-/pattern-collector-1.5.19.tgz",
      "integrity": "sha512-FmnO3e6UThoKPLMzhas1MUNXjq/g4b/35ndQdsdGJSpWDpkAF7FLhkvcCACLPe41LUdteSinYmeDucrNgD+tgQ=="
    },
    "node_modules/pattern-collector-anyjs-pull-lines-all": {
      "version": "1.4.1",
      "resolved": "https://registry.npmjs.org/pattern-collector-anyjs-pull-lines-all/-/pattern-collector-anyjs-pull-lines-all-1.4.1.tgz",
      "integrity": "sha512-kyOTk0XrbVFk3NrjFUhx0ctclMaieVHwutdfcS456lnA1llQqBesju9aN2eU4bhgCBGTIN4uP/W1XQMIPWQoEw=="
    }
  }
}
